
Microsoft Visual Studio Solution File, Format Version 12.00
# Visual Studio Version 17
VisualStudioVersion = 17.5.33516.290
MinimumVisualStudioVersion = 10.0.40219.1
Project("{FAE04EC0-301F-11D3-BF4B-00C04F79EFBC}") = "CustomerSQLProject", "CustomerSQLProject.csproj", "{9F17D28B-E4CF-4A69-8190-629FB67B6C99}"
EndProject
Global
	GlobalSection(SolutionConfigurationPlatforms) = preSolution
		Debug|Any CPU = Debug|Any CPU
		Release|Any CPU = Release|Any CPU
	EndGlobalSection
	GlobalSection(ProjectConfigurationPlatforms) = postSolution
		{9F17D28B-E4CF-4A69-8190-629FB67B6C99}.Debug|Any CPU.ActiveCfg = Debug|Any CPU
		{9F17D28B-E4CF-4A69-8190-629FB67B6C99}.Debug|Any CPU.Build.0 = Debug|Any CPU
		{9F17D28B-E4CF-4A69-8190-629FB67B6C99}.Release|Any CPU.ActiveCfg = Release|Any CPU
		{9F17D28B-E4CF-4A69-8190-629FB67B6C99}.Release|Any CPU.Build.0 = Release|Any CPU
	EndGlobalSection
	GlobalSection(SolutionProperties) = preSolution
		HideSolutionNode = FALSE
	EndGlobalSection
	GlobalSection(ExtensibilityGlobals) = postSolution
		SolutionGuid = {3BDD9856-CB0C-48DD-B948-F6116A9D698E}
	EndGlobalSection
EndGlobal
